{
    "name": "etacms",
    "version": "0.1.0",
    "lockfileVersion": 2,
    "requires": true,
    "packages": {
        "": {
            "name": "etacms",
            "version": "0.1.0",
            "license": "ISC",
            "dependencies": {
                "@kdts/real-typeof": "^1.0.4",
                "app-root-path": "^3.1.0",
                "debug": "^4.3.4",
                "dotenv": "^16.3.1",
                "intval": "^2.0.0"
            },
            "devDependencies": {
                "@types/node": "^20.8.3",
                "typescript": "^5.2.2"
            }
        },
        "node_modules/@kdts/real-typeof": {
            "version": "1.0.4",
            "resolved": "https://registry.npmjs.org/@kdts/real-typeof/-/real-typeof-1.0.4.tgz",
            "integrity": "sha512-qEFMpFdKROBSPlyjOblD6OUj9EuXDPhEXkCdvqWt0rDtz+v6rl4ku/SliZMTyW6oosOt5ftZoYrAtxNp6GuHTw=="
        },
        "node_modules/@types/node": {
            "version": "20.8.3",
            "resolved": "https://registry.npmjs.org/@types/node/-/node-20.8.3.tgz",
            "integrity": "sha512-jxiZQFpb+NlH5kjW49vXxvxTjeeqlbsnTAdBTKpzEdPs9itay7MscYXz3Fo9VYFEsfQ6LJFitHad3faerLAjCw==",
            "dev": true
        },
        "node_modules/app-root-path": {
            "version": "3.1.0",
            "resolved": "https://registry.npmjs.org/app-root-path/-/app-root-path-3.1.0.tgz",
            "integrity": "sha512-biN3PwB2gUtjaYy/isrU3aNWI5w+fAfvHkSvCKeQGxhmYpwKFUxudR3Yya+KqVRHBmEDYh+/lTozYCFbmzX4nA==",
            "engines": {
                "node": ">= 6.0.0"
            }
        },
        "node_modules/debug": {
            "version": "4.3.4",
            "resolved": "https://registry.npmjs.org/debug/-/debug-4.3.4.tgz",
            "integrity": "sha512-PRWFHuSU3eDtQJPvnNY7Jcket1j0t5OuOsFzPPzsekD52Zl8qUfFIPEiswXqIvHWGVHOgX+7G/vCNNhehwxfkQ==",
            "dependencies": {
                "ms": "2.1.2"
            },
            "engines": {
                "node": ">=6.0"
            },
            "peerDependenciesMeta": {
                "supports-color": {
                    "optional": true
                }
            }
        },
        "node_modules/dotenv": {
            "version": "16.3.1",
            "resolved": "https://registry.npmjs.org/dotenv/-/dotenv-16.3.1.tgz",
            "integrity": "sha512-IPzF4w4/Rd94bA9imS68tZBaYyBWSCE47V1RGuMrB94iyTOIEwRmVL2x/4An+6mETpLrKJ5hQkB8W4kFAadeIQ==",
            "engines": {
                "node": ">=12"
            },
            "funding": {
                "url": "https://github.com/motdotla/dotenv?sponsor=1"
            }
        },
        "node_modules/intval": {
            "version": "2.0.0",
            "resolved": "https://registry.npmjs.org/intval/-/intval-2.0.0.tgz",
            "integrity": "sha512-wkhgymMPWgJryn8aw0kjChDIhnVp/6a7kg+lM5h3ExjSTGkiT4rmTLJJols8vr6u+La/z7jP4WcFBqY6nPS6MA=="
        },
        "node_modules/ms": {
            "version": "2.1.2",
            "resolved": "https://registry.npmjs.org/ms/-/ms-2.1.2.tgz",
            "integrity": "sha512-sGkPx+VjMtmA6MX27oA4FBFELFCZZ4S4XqeGOXCv68tT+jb3vk/RyaKWP0PTKyWtmLSM0b+adUTEvbs1PEaH2w=="
        },
        "node_modules/typescript": {
            "version": "5.2.2",
            "resolved": "https://registry.npmjs.org/typescript/-/typescript-5.2.2.tgz",
            "integrity": "sha512-mI4WrpHsbCIcwT9cF4FZvr80QUeKvsUsUvKDoR+X/7XHQH98xYD8YHZg7ANtz2GtZt/CBq2QJ0thkGJMHfqc1w==",
            "dev": true,
            "bin": {
                "tsc": "bin/tsc",
                "tsserver": "bin/tsserver"
            },
            "engines": {
                "node": ">=14.17"
            }
        }
    },
    "dependencies": {
        "@kdts/real-typeof": {
            "version": "1.0.4",
            "resolved": "https://registry.npmjs.org/@kdts/real-typeof/-/real-typeof-1.0.4.tgz",
            "integrity": "sha512-qEFMpFdKROBSPlyjOblD6OUj9EuXDPhEXkCdvqWt0rDtz+v6rl4ku/SliZMTyW6oosOt5ftZoYrAtxNp6GuHTw=="
        },
        "@types/node": {
            "version": "20.8.3",
            "resolved": "https://registry.npmjs.org/@types/node/-/node-20.8.3.tgz",
            "integrity": "sha512-jxiZQFpb+NlH5kjW49vXxvxTjeeqlbsnTAdBTKpzEdPs9itay7MscYXz3Fo9VYFEsfQ6LJFitHad3faerLAjCw==",
            "dev": true
        },
        "app-root-path": {
            "version": "3.1.0",
            "resolved": "https://registry.npmjs.org/app-root-path/-/app-root-path-3.1.0.tgz",
            "integrity": "sha512-biN3PwB2gUtjaYy/isrU3aNWI5w+fAfvHkSvCKeQGxhmYpwKFUxudR3Yya+KqVRHBmEDYh+/lTozYCFbmzX4nA=="
        },
        "debug": {
            "version": "4.3.4",
            "resolved": "https://registry.npmjs.org/debug/-/debug-4.3.4.tgz",
            "integrity": "sha512-PRWFHuSU3eDtQJPvnNY7Jcket1j0t5OuOsFzPPzsekD52Zl8qUfFIPEiswXqIvHWGVHOgX+7G/vCNNhehwxfkQ==",
            "requires": {
                "ms": "2.1.2"
            }
        },
        "dotenv": {
            "version": "16.3.1",
            "resolved": "https://registry.npmjs.org/dotenv/-/dotenv-16.3.1.tgz",
            "integrity": "sha512-IPzF4w4/Rd94bA9imS68tZBaYyBWSCE47V1RGuMrB94iyTOIEwRmVL2x/4An+6mETpLrKJ5hQkB8W4kFAadeIQ=="
        },
        "intval": {
            "version": "2.0.0",
            "resolved": "https://registry.npmjs.org/intval/-/intval-2.0.0.tgz",
            "integrity": "sha512-wkhgymMPWgJryn8aw0kjChDIhnVp/6a7kg+lM5h3ExjSTGkiT4rmTLJJols8vr6u+La/z7jP4WcFBqY6nPS6MA=="
        },
        "ms": {
            "version": "2.1.2",
            "resolved": "https://registry.npmjs.org/ms/-/ms-2.1.2.tgz",
            "integrity": "sha512-sGkPx+VjMtmA6MX27oA4FBFELFCZZ4S4XqeGOXCv68tT+jb3vk/RyaKWP0PTKyWtmLSM0b+adUTEvbs1PEaH2w=="
        },
        "typescript": {
            "version": "5.2.2",
            "resolved": "https://registry.npmjs.org/typescript/-/typescript-5.2.2.tgz",
            "integrity": "sha512-mI4WrpHsbCIcwT9cF4FZvr80QUeKvsUsUvKDoR+X/7XHQH98xYD8YHZg7ANtz2GtZt/CBq2QJ0thkGJMHfqc1w==",
            "dev": true
        }
    }
}
