{
    "name": "etacms",
    "version": "0.1.0",
    "lockfileVersion": 2,
    "requires": true,
    "packages": {
        "": {
            "name": "etacms",
            "version": "0.1.0",
            "license": "ISC",
            "dependencies": {
                "@kdts/real-typeof": "^1.0.4",
                "app-root-path": "^3.1.0",
                "debug": "^4.3.4",
                "dotenv": "^16.3.1"
            }
        },
        "node_modules/@kdts/real-typeof": {
            "version": "1.0.4",
            "resolved": "https://registry.npmjs.org/@kdts/real-typeof/-/real-typeof-1.0.4.tgz",
            "integrity": "sha512-qEFMpFdKROBSPlyjOblD6OUj9EuXDPhEXkCdvqWt0rDtz+v6rl4ku/SliZMTyW6oosOt5ftZoYrAtxNp6GuHTw=="
        },
        "node_modules/app-root-path": {
            "version": "3.1.0",
            "resolved": "https://registry.npmjs.org/app-root-path/-/app-root-path-3.1.0.tgz",
            "integrity": "sha512-biN3PwB2gUtjaYy/isrU3aNWI5w+fAfvHkSvCKeQGxhmYpwKFUxudR3Yya+KqVRHBmEDYh+/lTozYCFbmzX4nA==",
            "engines": {
                "node": ">= 6.0.0"
            }
        },
        "node_modules/debug": {
            "version": "4.3.4",
            "resolved": "https://registry.npmjs.org/debug/-/debug-4.3.4.tgz",
            "integrity": "sha512-PRWFHuSU3eDtQJPvnNY7Jcket1j0t5OuOsFzPPzsekD52Zl8qUfFIPEiswXqIvHWGVHOgX+7G/vCNNhehwxfkQ==",
            "dependencies": {
                "ms": "2.1.2"
            },
            "engines": {
                "node": ">=6.0"
            },
            "peerDependenciesMeta": {
                "supports-color": {
                    "optional": true
                }
            }
        },
        "node_modules/dotenv": {
            "version": "16.3.1",
            "resolved": "https://registry.npmjs.org/dotenv/-/dotenv-16.3.1.tgz",
            "integrity": "sha512-IPzF4w4/Rd94bA9imS68tZBaYyBWSCE47V1RGuMrB94iyTOIEwRmVL2x/4An+6mETpLrKJ5hQkB8W4kFAadeIQ==",
            "engines": {
                "node": ">=12"
            },
            "funding": {
                "url": "https://github.com/motdotla/dotenv?sponsor=1"
            }
        },
        "node_modules/ms": {
            "version": "2.1.2",
            "resolved": "https://registry.npmjs.org/ms/-/ms-2.1.2.tgz",
            "integrity": "sha512-sGkPx+VjMtmA6MX27oA4FBFELFCZZ4S4XqeGOXCv68tT+jb3vk/RyaKWP0PTKyWtmLSM0b+adUTEvbs1PEaH2w=="
        }
    },
    "dependencies": {
        "@kdts/real-typeof": {
            "version": "1.0.4",
            "resolved": "https://registry.npmjs.org/@kdts/real-typeof/-/real-typeof-1.0.4.tgz",
            "integrity": "sha512-qEFMpFdKROBSPlyjOblD6OUj9EuXDPhEXkCdvqWt0rDtz+v6rl4ku/SliZMTyW6oosOt5ftZoYrAtxNp6GuHTw=="
        },
        "app-root-path": {
            "version": "3.1.0",
            "resolved": "https://registry.npmjs.org/app-root-path/-/app-root-path-3.1.0.tgz",
            "integrity": "sha512-biN3PwB2gUtjaYy/isrU3aNWI5w+fAfvHkSvCKeQGxhmYpwKFUxudR3Yya+KqVRHBmEDYh+/lTozYCFbmzX4nA=="
        },
        "debug": {
            "version": "4.3.4",
            "resolved": "https://registry.npmjs.org/debug/-/debug-4.3.4.tgz",
            "integrity": "sha512-PRWFHuSU3eDtQJPvnNY7Jcket1j0t5OuOsFzPPzsekD52Zl8qUfFIPEiswXqIvHWGVHOgX+7G/vCNNhehwxfkQ==",
            "requires": {
                "ms": "2.1.2"
            }
        },
        "dotenv": {
            "version": "16.3.1",
            "resolved": "https://registry.npmjs.org/dotenv/-/dotenv-16.3.1.tgz",
            "integrity": "sha512-IPzF4w4/Rd94bA9imS68tZBaYyBWSCE47V1RGuMrB94iyTOIEwRmVL2x/4An+6mETpLrKJ5hQkB8W4kFAadeIQ=="
        },
        "ms": {
            "version": "2.1.2",
            "resolved": "https://registry.npmjs.org/ms/-/ms-2.1.2.tgz",
            "integrity": "sha512-sGkPx+VjMtmA6MX27oA4FBFELFCZZ4S4XqeGOXCv68tT+jb3vk/RyaKWP0PTKyWtmLSM0b+adUTEvbs1PEaH2w=="
        }
    }
}
